// !$*UTF8*$!
{
	archiveVersion = 1;
	classes = {
	};
	objectVersion = 56;
	objects = {

/* Begin PBXBuildFile section */
		5417DABF299B51D800457C2E /* AppDelegate.swift in Sources */ = {isa = PBXBuildFile; fileRef = 5417DABE299B51D800457C2E /* AppDelegate.swift */; };
		5417DAC1299B51D800457C2E /* SceneDelegate.swift in Sources */ = {isa = PBXBuildFile; fileRef = 5417DAC0299B51D800457C2E /* SceneDelegate.swift */; };
		5417DAC6299B51D800457C2E /* Main.storyboard in Resources */ = {isa = PBXBuildFile; fileRef = 5417DAC4299B51D800457C2E /* Main.storyboard */; };
		5417DAC8299B51D900457C2E /* Assets.xcassets in Resources */ = {isa = PBXBuildFile; fileRef = 5417DAC7299B51D900457C2E /* Assets.xcassets */; };
		5417DACB299B51D900457C2E /* LaunchScreen.storyboard in Resources */ = {isa = PBXBuildFile; fileRef = 5417DAC9299B51D900457C2E /* LaunchScreen.storyboard */; };
		5417DAD5299B52B900457C2E /* MainViewController.swift in Sources */ = {isa = PBXBuildFile; fileRef = 5417DAD4299B52B900457C2E /* MainViewController.swift */; };
		5417DAD8299B537E00457C2E /* RxCocoa in Frameworks */ = {isa = PBXBuildFile; productRef = 5417DAD7299B537E00457C2E /* RxCocoa */; };
		5417DADA299B537E00457C2E /* RxSwift in Frameworks */ = {isa = PBXBuildFile; productRef = 5417DAD9299B537E00457C2E /* RxSwift */; };
		5417DADC299B5D7E00457C2E /* Food.swift in Sources */ = {isa = PBXBuildFile; fileRef = 5417DADB299B5D7E00457C2E /* Food.swift */; };
		5417DADF299B5DD200457C2E /* FoodTableViewCell.swift in Sources */ = {isa = PBXBuildFile; fileRef = 5417DADE299B5DD200457C2E /* FoodTableViewCell.swift */; };
		5417DAE1299B5EBF00457C2E /* FoodDetailViewController.swift in Sources */ = {isa = PBXBuildFile; fileRef = 5417DAE0299B5EBF00457C2E /* FoodDetailViewController.swift */; };
/* End PBXBuildFile section */

/* Begin PBXFileReference section */
		5417DABB299B51D800457C2E /* RxSwift_OrderFood.app */ = {isa = PBXFileReference; explicitFileType = wrapper.application; includeInIndex = 0; path = RxSwift_OrderFood.app; sourceTree = BUILT_PRODUCTS_DIR; };
		5417DABE299B51D800457C2E /* AppDelegate.swift */ = {isa = PBXFileReference; lastKnownFileType = sourcecode.swift; path = AppDelegate.swift; sourceTree = "<group>"; };
		5417DAC0299B51D800457C2E /* SceneDelegate.swift */ = {isa = PBXFileReference; lastKnownFileType = sourcecode.swift; path = SceneDelegate.swift; sourceTree = "<group>"; };
		5417DAC5299B51D800457C2E /* Base */ = {isa = PBXFileReference; lastKnownFileType = file.storyboard; name = Base; path = Base.lproj/Main.storyboard; sourceTree = "<group>"; };
		5417DAC7299B51D900457C2E /* Assets.xcassets */ = {isa = PBXFileReference; lastKnownFileType = folder.assetcatalog; path = Assets.xcassets; sourceTree = "<group>"; };
		5417DACA299B51D900457C2E /* Base */ = {isa = PBXFileReference; lastKnownFileType = file.storyboard; name = Base; path = Base.lproj/LaunchScreen.storyboard; sourceTree = "<group>"; };
		5417DACC299B51D900457C2E /* Info.plist */ = {isa = PBXFileReference; lastKnownFileType = text.plist.xml; path = Info.plist; sourceTree = "<group>"; };
		5417DAD4299B52B900457C2E /* MainViewController.swift */ = {isa = PBXFileReference; lastKnownFileType = sourcecode.swift; path = MainViewController.swift; sourceTree = "<group>"; };
		5417DADB299B5D7E00457C2E /* Food.swift */ = {isa = PBXFileReference; lastKnownFileType = sourcecode.swift; path = Food.swift; sourceTree = "<group>"; };
		5417DADE299B5DD200457C2E /* FoodTableViewCell.swift */ = {isa = PBXFileReference; lastKnownFileType = sourcecode.swift; path = FoodTableViewCell.swift; sourceTree = "<group>"; };
		5417DAE0299B5EBF00457C2E /* FoodDetailViewController.swift */ = {isa = PBXFileReference; lastKnownFileType = sourcecode.swift; path = FoodDetailViewController.swift; sourceTree = "<group>"; };
/* End PBXFileReference section */

/* Begin PBXFrameworksBuildPhase section */
		5417DAB8299B51D800457C2E /* Frameworks */ = {
			isa = PBXFrameworksBuildPhase;
			buildActionMask = 2147483647;
			files = (
				5417DADA299B537E00457C2E /* RxSwift in Frameworks */,
				5417DAD8299B537E00457C2E /* RxCocoa in Frameworks */,
			);
			runOnlyForDeploymentPostprocessing = 0;
		};
/* End PBXFrameworksBuildPhase section */

/* Begin PBXGroup section */
		5417DAB2299B51D800457C2E = {
			isa = PBXGroup;
			children = (
				5417DABD299B51D800457C2E /* RxSwift_OrderFood */,
				5417DABC299B51D800457C2E /* Products */,
			);
			sourceTree = "<group>";
		};
		5417DABC299B51D800457C2E /* Products */ = {
			isa = PBXGroup;
			children = (
				5417DABB299B51D800457C2E /* RxSwift_OrderFood.app */,
			);
			name = Products;
			sourceTree = "<group>";
		};
		5417DABD299B51D800457C2E /* RxSwift_OrderFood */ = {
			isa = PBXGroup;
			children = (
				5417DADD299B5D8100457C2E /* Model */,
				5417DAD4299B52B900457C2E /* MainViewController.swift */,
				5417DADE299B5DD200457C2E /* FoodTableViewCell.swift */,
				5417DAE0299B5EBF00457C2E /* FoodDetailViewController.swift */,
				5417DAC4299B51D800457C2E /* Main.storyboard */,
				5417DAC7299B51D900457C2E /* Assets.xcassets */,
				5417DABE299B51D800457C2E /* AppDelegate.swift */,
				5417DAC0299B51D800457C2E /* SceneDelegate.swift */,
				5417DAC9299B51D900457C2E /* LaunchScreen.storyboard */,
				5417DACC299B51D900457C2E /* Info.plist */,
			);
			path = RxSwift_OrderFood;
			sourceTree = "<group>";
		};
		5417DADD299B5D8100457C2E /* Model */ = {
			isa = PBXGroup;
			children = (
				5417DADB299B5D7E00457C2E /* Food.swift */,
			);
			path = Model;
			sourceTree = "<group>";
		};
/* End PBXGroup section */

/* Begin PBXNativeTarget section */
		5417DABA299B51D800457C2E /* RxSwift_OrderFood */ = {
			isa = PBXNativeTarget;
			buildConfigurationList = 5417DACF299B51D900457C2E /* Build configuration list for PBXNativeTarget "RxSwift_OrderFood" */;
			buildPhases = (
				5417DAB7299B51D800457C2E /* Sources */,
				5417DAB8299B51D800457C2E /* Frameworks */,
				5417DAB9299B51D800457C2E /* Resources */,
			);
			buildRules = (
			);
			dependencies = (
			);
			name = RxSwift_OrderFood;
			packageProductDependencies = (
				5417DAD7299B537E00457C2E /* RxCocoa */,
				5417DAD9299B537E00457C2E /* RxSwift */,
			);
			productName = RxSwift_OrderFood;
			productReference = 5417DABB299B51D800457C2E /* RxSwift_OrderFood.app */;
			productType = "com.apple.product-type.application";
		};
/* End PBXNativeTarget section */

/* Begin PBXProject section */
		5417DAB3299B51D800457C2E /* Project object */ = {
			isa = PBXProject;
			attributes = {
				BuildIndependentTargetsInParallel = 1;
				LastSwiftUpdateCheck = 1410;
				LastUpgradeCheck = 1410;
				TargetAttributes = {
					5417DABA299B51D800457C2E = {
						CreatedOnToolsVersion = 14.1;
					};
				};
			};
			buildConfigurationList = 5417DAB6299B51D800457C2E /* Build configuration list for PBXProject "RxSwift_OrderFood" */;
			compatibilityVersion = "Xcode 14.0";
			developmentRegion = en;
			hasScannedForEncodings = 0;
			knownRegions = (
				en,
				Base,
			);
			mainGroup = 5417DAB2299B51D800457C2E;
			packageReferences = (
				5417DAD6299B537E00457C2E /* XCRemoteSwiftPackageReference "RxSwift" */,
			);
			productRefGroup = 5417DABC299B51D800457C2E /* Products */;
			projectDirPath = "";
			projectRoot = "";
			targets = (
				5417DABA299B51D800457C2E /* RxSwift_OrderFood */,
			);
		};
/* End PBXProject section */

/* Begin PBXResourcesBuildPhase section */
		5417DAB9299B51D800457C2E /* Resources */ = {
			isa = PBXResourcesBuildPhase;
			buildActionMask = 2147483647;
			files = (
				5417DACB299B51D900457C2E /* LaunchScreen.storyboard in Resources */,
				5417DAC8299B51D900457C2E /* Assets.xcassets in Resources */,
				5417DAC6299B51D800457C2E /* Main.storyboard in Resources */,
			);
			runOnlyForDeploymentPostprocessing = 0;
		};
/* End PBXResourcesBuildPhase section */

/* Begin PBXSourcesBuildPhase section */
		5417DAB7299B51D800457C2E /* Sources */ = {
			isa = PBXSourcesBuildPhase;
			buildActionMask = 2147483647;
			files = (
				5417DABF299B51D800457C2E /* AppDelegate.swift in Sources */,
				5417DADC299B5D7E00457C2E /* Food.swift in Sources */,
				5417DADF299B5DD200457C2E /* FoodTableViewCell.swift in Sources */,
				5417DAE1299B5EBF00457C2E /* FoodDetailViewController.swift in Sources */,
				5417DAC1299B51D800457C2E /* SceneDelegate.swift in Sources */,
				5417DAD5299B52B900457C2E /* MainViewController.swift in Sources */,
			);
			runOnlyForDeploymentPostprocessing = 0;
		};
/* End PBXSourcesBuildPhase section */

/* Begin PBXVariantGroup section */
		5417DAC4299B51D800457C2E /* Main.storyboard */ = {
			isa = PBXVariantGroup;
			children = (
				5417DAC5299B51D800457C2E /* Base */,
			);
			name = Main.storyboard;
			sourceTree = "<group>";
		};
		5417DAC9299B51D900457C2E /* LaunchScreen.storyboard */ = {
			isa = PBXVariantGroup;
			children = (
				5417DACA299B51D900457C2E /* Base */,
			);
			name = LaunchScreen.storyboard;
			sourceTree = "<group>";
		};
/* End PBXVariantGroup section */

/* Begin XCBuildConfiguration section */
		5417DACD299B51D900457C2E /* Debug */ = {
			isa = XCBuildConfiguration;
			buildSettings = {
				ALWAYS_SEARCH_USER_PATHS = NO;
				CLANG_ANALYZER_NONNULL = YES;
				CLANG_ANALYZER_NUMBER_OBJECT_CONVERSION = YES_AGGRESSIVE;
				CLANG_CXX_LANGUAGE_STANDARD = "gnu++20";
				CLANG_ENABLE_MODULES = YES;
				CLANG_ENABLE_OBJC_ARC = YES;
				CLANG_ENABLE_OBJC_WEAK = YES;
				CLANG_WARN_BLOCK_CAPTURE_AUTORELEASING = YES;
				CLANG_WARN_BOOL_CONVERSION = YES;
				CLANG_WARN_COMMA = YES;
				CLANG_WARN_CONSTANT_CONVERSION = YES;
				CLANG_WARN_DEPRECATED_OBJC_IMPLEMENTATIONS = YES;
				CLANG_WARN_DIRECT_OBJC_ISA_USAGE = YES_ERROR;
				CLANG_WARN_DOCUMENTATION_COMMENTS = YES;
				CLANG_WARN_EMPTY_BODY = YES;
				CLANG_WARN_ENUM_CONVERSION = YES;
				CLANG_WARN_INFINITE_RECURSION = YES;
				CLANG_WARN_INT_CONVERSION = YES;
				CLANG_WARN_NON_LITERAL_NULL_CONVERSION = YES;
				CLANG_WARN_OBJC_IMPLICIT_RETAIN_SELF = YES;
				CLANG_WARN_OBJC_LITERAL_CONVERSION = YES;
				CLANG_WARN_OBJC_ROOT_CLASS = YES_ERROR;
				CLANG_WARN_QUOTED_INCLUDE_IN_FRAMEWORK_HEADER = YES;
				CLANG_WARN_RANGE_LOOP_ANALYSIS = YES;
				CLANG_WARN_STRICT_PROTOTYPES = YES;
				CLANG_WARN_SUSPICIOUS_MOVE = YES;
				CLANG_WARN_UNGUARDED_AVAILABILITY = YES_AGGRESSIVE;
				CLANG_WARN_UNREACHABLE_CODE = YES;
				CLANG_WARN__DUPLICATE_METHOD_MATCH = YES;
				COPY_PHASE_STRIP = NO;
				DEBUG_INFORMATION_FORMAT = dwarf;
				ENABLE_STRICT_OBJC_MSGSEND = YES;
				ENABLE_TESTABILITY = YES;
				GCC_C_LANGUAGE_STANDARD = gnu11;
				GCC_DYNAMIC_NO_PIC = NO;
				GCC_NO_COMMON_BLOCKS = YES;
				GCC_OPTIMIZATION_LEVEL = 0;
				GCC_PREPROCESSOR_DEFINITIONS = (
					"DEBUG=1",
					"$(inherited)",
				);
				GCC_WARN_64_TO_32_BIT_CONVERSION = YES;
				GCC_WARN_ABOUT_RETURN_TYPE = YES_ERROR;
				GCC_WARN_UNDECLARED_SELECTOR = YES;
				GCC_WARN_UNINITIALIZED_AUTOS = YES_AGGRESSIVE;
				GCC_WARN_UNUSED_FUNCTION = YES;
				GCC_WARN_UNUSED_VARIABLE = YES;
				IPHONEOS_DEPLOYMENT_TARGET = 15.0;
				MTL_ENABLE_DEBUG_INFO = INCLUDE_SOURCE;
				MTL_FAST_MATH = YES;
				ONLY_ACTIVE_ARCH = YES;
				SDKROOT = iphoneos;
				SWIFT_ACTIVE_COMPILATION_CONDITIONS = DEBUG;
				SWIFT_OPTIMIZATION_LEVEL = "-Onone";
			};
			name = Debug;
		};
		5417DACE299B51D900457C2E /* Release */ = {
			isa = XCBuildConfiguration;
			buildSettings = {
				ALWAYS_SEARCH_USER_PATHS = NO;
				CLANG_ANALYZER_NONNULL = YES;
				CLANG_ANALYZER_NUMBER_OBJECT_CONVERSION = YES_AGGRESSIVE;
				CLANG_CXX_LANGUAGE_STANDARD = "gnu++20";
				CLANG_ENABLE_MODULES = YES;
				CLANG_ENABLE_OBJC_ARC = YES;
				CLANG_ENABLE_OBJC_WEAK = YES;
				CLANG_WARN_BLOCK_CAPTURE_AUTORELEASING = YES;
				CLANG_WARN_BOOL_CONVERSION = YES;
				CLANG_WARN_COMMA = YES;
				CLANG_WARN_CONSTANT_CONVERSION = YES;
				CLANG_WARN_DEPRECATED_OBJC_IMPLEMENTATIONS = YES;
				CLANG_WARN_DIRECT_OBJC_ISA_USAGE = YES_ERROR;
				CLANG_WARN_DOCUMENTATION_COMMENTS = YES;
				CLANG_WARN_EMPTY_BODY = YES;
				CLANG_WARN_ENUM_CONVERSION = YES;
				CLANG_WARN_INFINITE_RECURSION = YES;
				CLANG_WARN_INT_CONVERSION = YES;
				CLANG_WARN_NON_LITERAL_NULL_CONVERSION = YES;
				CLANG_WARN_OBJC_IMPLICIT_RETAIN_SELF = YES;
				CLANG_WARN_OBJC_LITERAL_CONVERSION = YES;
				CLANG_WARN_OBJC_ROOT_CLASS = YES_ERROR;
				CLANG_WARN_QUOTED_INCLUDE_IN_FRAMEWORK_HEADER = YES;
				CLANG_WARN_RANGE_LOOP_ANALYSIS = YES;
				CLANG_WARN_STRICT_PROTOTYPES = YES;
				CLANG_WARN_SUSPICIOUS_MOVE = YES;
				CLANG_WARN_UNGUARDED_AVAILABILITY = YES_AGGRESSIVE;
				CLANG_WARN_UNREACHABLE_CODE = YES;
				CLANG_WARN__DUPLICATE_METHOD_MATCH = YES;
				COPY_PHASE_STRIP = NO;
				DEBUG_INFORMATION_FORMAT = "dwarf-with-dsym";
				ENABLE_NS_ASSERTIONS = NO;
				ENABLE_STRICT_OBJC_MSGSEND = YES;
				GCC_C_LANGUAGE_STANDARD = gnu11;
				GCC_NO_COMMON_BLOCKS = YES;
				GCC_WARN_64_TO_32_BIT_CONVERSION = YES;
				GCC_WARN_ABOUT_RETURN_TYPE = YES_ERROR;
				GCC_WARN_UNDECLARED_SELECTOR = YES;
				GCC_WARN_UNINITIALIZED_AUTOS = YES_AGGRESSIVE;
				GCC_WARN_UNUSED_FUNCTION = YES;
				GCC_WARN_UNUSED_VARIABLE = YES;
				IPHONEOS_DEPLOYMENT_TARGET = 15.0;
				MTL_ENABLE_DEBUG_INFO = NO;
				MTL_FAST_MATH = YES;
				SDKROOT = iphoneos;
				SWIFT_COMPILATION_MODE = wholemodule;
				SWIFT_OPTIMIZATION_LEVEL = "-O";
				VALIDATE_PRODUCT = YES;
			};
			name = Release;
		};
		5417DAD0299B51D900457C2E /* Debug */ = {
			isa = XCBuildConfiguration;
			buildSettings = {
				ASSETCATALOG_COMPILER_APPICON_NAME = AppIcon;
				ASSETCATALOG_COMPILER_GLOBAL_ACCENT_COLOR_NAME = AccentColor;
				CODE_SIGN_STYLE = Automatic;
				CURRENT_PROJECT_VERSION = 1;
				DEVELOPMENT_TEAM = N67R5W6U5A;
				GENERATE_INFOPLIST_FILE = YES;
				INFOPLIST_FILE = RxSwift_OrderFood/Info.plist;
				INFOPLIST_KEY_UIApplicationSupportsIndirectInputEvents = YES;
				INFOPLIST_KEY_UILaunchStoryboardName = LaunchScreen;
				INFOPLIST_KEY_UIMainStoryboardFile = Main;
				INFOPLIST_KEY_UISupportedInterfaceOrientations_iPad = "UIInterfaceOrientationPortrait UIInterfaceOrientationPortraitUpsideDown UIInterfaceOrientationLandscapeLeft UIInterfaceOrientationLandscapeRight";
				INFOPLIST_KEY_UISupportedInterfaceOrientations_iPhone = "UIInterfaceOrientationPortrait UIInterfaceOrientationLandscapeLeft UIInterfaceOrientationLandscapeRight";
				IPHONEOS_DEPLOYMENT_TARGET = 15.0;
				LD_RUNPATH_SEARCH_PATHS = (
					"$(inherited)",
					"@executable_path/Frameworks",
				);
				MARKETING_VERSION = 1.0;
				PRODUCT_BUNDLE_IDENTIFIER = "michelle.RxSwift-OrderFood";
				PRODUCT_NAME = "$(TARGET_NAME)";
				SUPPORTED_PLATFORMS = "iphoneos iphonesimulator";
				SUPPORTS_MACCATALYST = NO;
				SUPPORTS_MAC_DESIGNED_FOR_IPHONE_IPAD = NO;
				SWIFT_EMIT_LOC_STRINGS = YES;
				SWIFT_VERSION = 5.0;
				TARGETED_DEVICE_FAMILY = 1;
			};
			name = Debug;
		};
		5417DAD1299B51D900457C2E /* Release */ = {
			isa = XCBuildConfiguration;
			buildSettings = {
				ASSETCATALOG_COMPILER_APPICON_NAME = AppIcon;
				ASSETCATALOG_COMPILER_GLOBAL_ACCENT_COLOR_NAME = AccentColor;
				CODE_SIGN_STYLE = Automatic;
				CURRENT_PROJECT_VERSION = 1;
				DEVELOPMENT_TEAM = N67R5W6U5A;
				GENERATE_INFOPLIST_FILE = YES;
				INFOPLIST_FILE = RxSwift_OrderFood/Info.plist;
				INFOPLIST_KEY_UIApplicationSupportsIndirectInputEvents = YES;
				INFOPLIST_KEY_UILaunchStoryboardName = LaunchScreen;
				INFOPLIST_KEY_UIMainStoryboardFile = Main;
				INFOPLIST_KEY_UISupportedInterfaceOrientations_iPad = "UIInterfaceOrientationPortrait UIInterfaceOrientationPortraitUpsideDown UIInterfaceOrientationLandscapeLeft UIInterfaceOrientationLandscapeRight";
				INFOPLIST_KEY_UISupportedInterfaceOrientations_iPhone = "UIInterfaceOrientationPortrait UIInterfaceOrientationLandscapeLeft UIInterfaceOrientationLandscapeRight";
				IPHONEOS_DEPLOYMENT_TARGET = 15.0;
				LD_RUNPATH_SEARCH_PATHS = (
					"$(inherited)",
					"@executable_path/Frameworks",
				);
				MARKETING_VERSION = 1.0;
				PRODUCT_BUNDLE_IDENTIFIER = "michelle.RxSwift-OrderFood";
				PRODUCT_NAME = "$(TARGET_NAME)";
				SUPPORTED_PLATFORMS = "iphoneos iphonesimulator";
				SUPPORTS_MACCATALYST = NO;
				SUPPORTS_MAC_DESIGNED_FOR_IPHONE_IPAD = NO;
				SWIFT_EMIT_LOC_STRINGS = YES;
				SWIFT_VERSION = 5.0;
				TARGETED_DEVICE_FAMILY = 1;
			};
			name = Release;
		};
/* End XCBuildConfiguration section */

/* Begin XCConfigurationList section */
		5417DAB6299B51D800457C2E /* Build configuration list for PBXProject "RxSwift_OrderFood" */ = {
			isa = XCConfigurationList;
			buildConfigurations = (
				5417DACD299B51D900457C2E /* Debug */,
				5417DACE299B51D900457C2E /* Release */,
			);
			defaultConfigurationIsVisible = 0;
			defaultConfigurationName = Release;
		};
		5417DACF299B51D900457C2E /* Build configuration list for PBXNativeTarget "RxSwift_OrderFood" */ = {
			isa = XCConfigurationList;
			buildConfigurations = (
				5417DAD0299B51D900457C2E /* Debug */,
				5417DAD1299B51D900457C2E /* Release */,
			);
			defaultConfigurationIsVisible = 0;
			defaultConfigurationName = Release;
		};
/* End XCConfigurationList section */

/* Begin XCRemoteSwiftPackageReference section */
		5417DAD6299B537E00457C2E /* XCRemoteSwiftPackageReference "RxSwift" */ = {
			isa = XCRemoteSwiftPackageReference;
			repositoryURL = "https://github.com/ReactiveX/RxSwift.git";
			requirement = {
				kind = upToNextMajorVersion;
				minimumVersion = 6.0.0;
			};
		};
/* End XCRemoteSwiftPackageReference section */

/* Begin XCSwiftPackageProductDependency section */
		5417DAD7299B537E00457C2E /* RxCocoa */ = {
			isa = XCSwiftPackageProductDependency;
			package = 5417DAD6299B537E00457C2E /* XCRemoteSwiftPackageReference "RxSwift" */;
			productName = RxCocoa;
		};
		5417DAD9299B537E00457C2E /* RxSwift */ = {
			isa = XCSwiftPackageProductDependency;
			package = 5417DAD6299B537E00457C2E /* XCRemoteSwiftPackageReference "RxSwift" */;
			productName = RxSwift;
		};
/* End XCSwiftPackageProductDependency section */
	};
	rootObject = 5417DAB3299B51D800457C2E /* Project object */;
}
